<Solution>
  <Folder Name="/src/">
    <Project Path="src/Aegis.Client/Aegis.Client.csproj" />
    <Project Path="src/Aegis.Cli/Aegis.Cli.csproj" />
    <Project Path="src/Aegis.Core/Aegis.Core.csproj" />
    <Project Path="src/Aegis.Host/Aegis.Host.csproj" />
    <Project Path="src/Aegis.Godot/Aegis.Godot.csproj" />
  </Folder>
  <Folder Name="/tests/">
    <Project Path="tests/Aegis.Core.Tests/Aegis.Core.Tests.csproj" />
  </Folder>
</Solution>
